// !$*UTF8*$!
{
	archiveVersion = 1;
	classes = {
	};
	objectVersion = 46;
	objects = {

/* Begin PBXBuildFile section */
		ACCCD7041C0E7DDE00DFCADD /* AppDelegate.swift in Sources */ = {isa = PBXBuildFile; fileRef = ACCCD7031C0E7DDE00DFCADD /* AppDelegate.swift */; };
		ACCCD7061C0E7DDE00DFCADD /* ViewController.swift in Sources */ = {isa = PBXBuildFile; fileRef = ACCCD7051C0E7DDE00DFCADD /* ViewController.swift */; };
		ACCCD7091C0E7DDE00DFCADD /* Main.storyboard in Resources */ = {isa = PBXBuildFile; fileRef = ACCCD7071C0E7DDE00DFCADD /* Main.storyboard */; };
		ACCCD70B1C0E7DDE00DFCADD /* Assets.xcassets in Resources */ = {isa = PBXBuildFile; fileRef = ACCCD70A1C0E7DDE00DFCADD /* Assets.xcassets */; };
		ACCCD70E1C0E7DDE00DFCADD /* LaunchScreen.storyboard in Resources */ = {isa = PBXBuildFile; fileRef = ACCCD70C1C0E7DDE00DFCADD /* LaunchScreen.storyboard */; };
		ACCCD7351C0E804500DFCADD /* ConnectSwift.framework in Copy Frameworks */ = {isa = PBXBuildFile; fileRef = ACCCD7311C0E7FE800DFCADD /* ConnectSwift.framework */; settings = {ATTRIBUTES = (CodeSignOnCopy, RemoveHeadersOnCopy, ); }; };
/* End PBXBuildFile section */

/* Begin PBXContainerItemProxy section */
		ACCCD7301C0E7FE800DFCADD /* PBXContainerItemProxy */ = {
			isa = PBXContainerItemProxy;
			containerPortal = ACCCD72C1C0E7FE800DFCADD /* ConnectSwift.xcodeproj */;
			proxyType = 2;
			remoteGlobalIDString = ACCCD71F1C0E7E7200DFCADD;
			remoteInfo = ConnectSwift;
		};
		ACCCD7321C0E800E00DFCADD /* PBXContainerItemProxy */ = {
			isa = PBXContainerItemProxy;
			containerPortal = ACCCD72C1C0E7FE800DFCADD /* ConnectSwift.xcodeproj */;
			proxyType = 1;
			remoteGlobalIDString = ACCCD71E1C0E7E7200DFCADD;
			remoteInfo = ConnectSwift;
		};
/* End PBXContainerItemProxy section */

/* Begin PBXCopyFilesBuildPhase section */
		ACCCD7341C0E802100DFCADD /* Copy Frameworks */ = {
			isa = PBXCopyFilesBuildPhase;
			buildActionMask = 2147483647;
			dstPath = "";
			dstSubfolderSpec = 10;
			files = (
				ACCCD7351C0E804500DFCADD /* ConnectSwift.framework in Copy Frameworks */,
			);
			name = "Copy Frameworks";
			runOnlyForDeploymentPostprocessing = 0;
		};
/* End PBXCopyFilesBuildPhase section */

/* Begin PBXFileReference section */
		ACCCD7001C0E7DDE00DFCADD /* Example.app */ = {isa = PBXFileReference; explicitFileType = wrapper.application; includeInIndex = 0; path = Example.app; sourceTree = BUILT_PRODUCTS_DIR; };
		ACCCD7031C0E7DDE00DFCADD /* AppDelegate.swift */ = {isa = PBXFileReference; lastKnownFileType = sourcecode.swift; path = AppDelegate.swift; sourceTree = "<group>"; };
		ACCCD7051C0E7DDE00DFCADD /* ViewController.swift */ = {isa = PBXFileReference; lastKnownFileType = sourcecode.swift; path = ViewController.swift; sourceTree = "<group>"; };
		ACCCD7081C0E7DDE00DFCADD /* Base */ = {isa = PBXFileReference; lastKnownFileType = file.storyboard; name = Base; path = Base.lproj/Main.storyboard; sourceTree = "<group>"; };
		ACCCD70A1C0E7DDE00DFCADD /* Assets.xcassets */ = {isa = PBXFileReference; lastKnownFileType = folder.assetcatalog; path = Assets.xcassets; sourceTree = "<group>"; };
		ACCCD70D1C0E7DDE00DFCADD /* Base */ = {isa = PBXFileReference; lastKnownFileType = file.storyboard; name = Base; path = Base.lproj/LaunchScreen.storyboard; sourceTree = "<group>"; };
		ACCCD70F1C0E7DDE00DFCADD /* Info.plist */ = {isa = PBXFileReference; lastKnownFileType = text.plist.xml; path = Info.plist; sourceTree = "<group>"; };
		ACCCD72C1C0E7FE800DFCADD /* ConnectSwift.xcodeproj */ = {isa = PBXFileReference; lastKnownFileType = "wrapper.pb-project"; name = ConnectSwift.xcodeproj; path = ../ConnectSwift/ConnectSwift.xcodeproj; sourceTree = "<group>"; };
/* End PBXFileReference section */

/* Begin PBXFrameworksBuildPhase section */
		ACCCD6FD1C0E7DDE00DFCADD /* Frameworks */ = {
			isa = PBXFrameworksBuildPhase;
			buildActionMask = 2147483647;
			files = (
			);
			runOnlyForDeploymentPostprocessing = 0;
		};
/* End PBXFrameworksBuildPhase section */

/* Begin PBXGroup section */
		ACCCD6F71C0E7DDE00DFCADD = {
			isa = PBXGroup;
			children = (
				ACCCD72C1C0E7FE800DFCADD /* ConnectSwift.xcodeproj */,
				ACCCD7021C0E7DDE00DFCADD /* Example */,
				ACCCD7011C0E7DDE00DFCADD /* Products */,
			);
			sourceTree = "<group>";
		};
		ACCCD7011C0E7DDE00DFCADD /* Products */ = {
			isa = PBXGroup;
			children = (
				ACCCD7001C0E7DDE00DFCADD /* Example.app */,
			);
			name = Products;
			sourceTree = "<group>";
		};
		ACCCD7021C0E7DDE00DFCADD /* Example */ = {
			isa = PBXGroup;
			children = (
				ACCCD7031C0E7DDE00DFCADD /* AppDelegate.swift */,
				ACCCD7051C0E7DDE00DFCADD /* ViewController.swift */,
				ACCCD7071C0E7DDE00DFCADD /* Main.storyboard */,
				ACCCD70A1C0E7DDE00DFCADD /* Assets.xcassets */,
				ACCCD70C1C0E7DDE00DFCADD /* LaunchScreen.storyboard */,
				ACCCD70F1C0E7DDE00DFCADD /* Info.plist */,
			);
			path = Example;
			sourceTree = "<group>";
		};
		ACCCD72D1C0E7FE800DFCADD /* Products */ = {
			isa = PBXGroup;
			children = (
				ACCCD7311C0E7FE800DFCADD /* ConnectSwift.framework */,
			);
			name = Products;
			sourceTree = "<group>";
		};
/* End PBXGroup section */

/* Begin PBXNativeTarget section */
		ACCCD6FF1C0E7DDE00DFCADD /* Example */ = {
			isa = PBXNativeTarget;
			buildConfigurationList = ACCCD7121C0E7DDE00DFCADD /* Build configuration list for PBXNativeTarget "Example" */;
			buildPhases = (
				ACCCD6FC1C0E7DDE00DFCADD /* Sources */,
				ACCCD6FD1C0E7DDE00DFCADD /* Frameworks */,
				ACCCD6FE1C0E7DDE00DFCADD /* Resources */,
				ACCCD7341C0E802100DFCADD /* Copy Frameworks */,
			);
			buildRules = (
			);
			dependencies = (
				ACCCD7331C0E800E00DFCADD /* PBXTargetDependency */,
			);
			name = Example;
			productName = Example;
			productReference = ACCCD7001C0E7DDE00DFCADD /* Example.app */;
			productType = "com.apple.product-type.application";
		};
/* End PBXNativeTarget section */

/* Begin PBXProject section */
		ACCCD6F81C0E7DDE00DFCADD /* Project object */ = {
			isa = PBXProject;
			attributes = {
				LastSwiftUpdateCheck = 0710;
				LastUpgradeCheck = 0710;
				ORGANIZATIONNAME = Connect;
				TargetAttributes = {
					ACCCD6FF1C0E7DDE00DFCADD = {
						CreatedOnToolsVersion = 7.1.1;
					};
				};
			};
			buildConfigurationList = ACCCD6FB1C0E7DDE00DFCADD /* Build configuration list for PBXProject "Example" */;
			compatibilityVersion = "Xcode 3.2";
			developmentRegion = English;
			hasScannedForEncodings = 0;
			knownRegions = (
				en,
				Base,
			);
			mainGroup = ACCCD6F71C0E7DDE00DFCADD;
			productRefGroup = ACCCD7011C0E7DDE00DFCADD /* Products */;
			projectDirPath = "";
			projectReferences = (
				{
					ProductGroup = ACCCD72D1C0E7FE800DFCADD /* Products */;
					ProjectRef = ACCCD72C1C0E7FE800DFCADD /* ConnectSwift.xcodeproj */;
				},
			);
			projectRoot = "";
			targets = (
				ACCCD6FF1C0E7DDE00DFCADD /* Example */,
			);
		};
/* End PBXProject section */

/* Begin PBXReferenceProxy section */
		ACCCD7311C0E7FE800DFCADD /* ConnectSwift.framework */ = {
			isa = PBXReferenceProxy;
			fileType = wrapper.framework;
			path = ConnectSwift.framework;
			remoteRef = ACCCD7301C0E7FE800DFCADD /* PBXContainerItemProxy */;
			sourceTree = BUILT_PRODUCTS_DIR;
		};
/* End PBXReferenceProxy section */

/* Begin PBXResourcesBuildPhase section */
		ACCCD6FE1C0E7DDE00DFCADD /* Resources */ = {
			isa = PBXResourcesBuildPhase;
			buildActionMask = 2147483647;
			files = (
				ACCCD70E1C0E7DDE00DFCADD /* LaunchScreen.storyboard in Resources */,
				ACCCD70B1C0E7DDE00DFCADD /* Assets.xcassets in Resources */,
				ACCCD7091C0E7DDE00DFCADD /* Main.storyboard in Resources */,
			);
			runOnlyForDeploymentPostprocessing = 0;
		};
/* End PBXResourcesBuildPhase section */

/* Begin PBXSourcesBuildPhase section */
		ACCCD6FC1C0E7DDE00DFCADD /* Sources */ = {
			isa = PBXSourcesBuildPhase;
			buildActionMask = 2147483647;
			files = (
				ACCCD7061C0E7DDE00DFCADD /* ViewController.swift in Sources */,
				ACCCD7041C0E7DDE00DFCADD /* AppDelegate.swift in Sources */,
			);
			runOnlyForDeploymentPostprocessing = 0;
		};
/* End PBXSourcesBuildPhase section */

/* Begin PBXTargetDependency section */
		ACCCD7331C0E800E00DFCADD /* PBXTargetDependency */ = {
			isa = PBXTargetDependency;
			name = ConnectSwift;
			targetProxy = ACCCD7321C0E800E00DFCADD /* PBXContainerItemProxy */;
		};
/* End PBXTargetDependency section */

/* Begin PBXVariantGroup section */
		ACCCD7071C0E7DDE00DFCADD /* Main.storyboard */ = {
			isa = PBXVariantGroup;
			children = (
				ACCCD7081C0E7DDE00DFCADD /* Base */,
			);
			name = Main.storyboard;
			sourceTree = "<group>";
		};
		ACCCD70C1C0E7DDE00DFCADD /* LaunchScreen.storyboard */ = {
			isa = PBXVariantGroup;
			children = (
				ACCCD70D1C0E7DDE00DFCADD /* Base */,
			);
			name = LaunchScreen.storyboard;
			sourceTree = "<group>";
		};
/* End PBXVariantGroup section */

/* Begin XCBuildConfiguration section */
		ACCCD7101C0E7DDE00DFCADD /* Debug */ = {
			isa = XCBuildConfiguration;
			buildSettings = {
				ALWAYS_SEARCH_USER_PATHS = NO;
				CLANG_CXX_LANGUAGE_STANDARD = "gnu++0x";
				CLANG_CXX_LIBRARY = "libc++";
				CLANG_ENABLE_MODULES = YES;
				CLANG_ENABLE_OBJC_ARC = YES;
				CLANG_WARN_BOOL_CONVERSION = YES;
				CLANG_WARN_CONSTANT_CONVERSION = YES;
				CLANG_WARN_DIRECT_OBJC_ISA_USAGE = YES_ERROR;
				CLANG_WARN_EMPTY_BODY = YES;
				CLANG_WARN_ENUM_CONVERSION = YES;
				CLANG_WARN_INT_CONVERSION = YES;
				CLANG_WARN_OBJC_ROOT_CLASS = YES_ERROR;
				CLANG_WARN_UNREACHABLE_CODE = YES;
				CLANG_WARN__DUPLICATE_METHOD_MATCH = YES;
				"CODE_SIGN_IDENTITY[sdk=iphoneos*]" = "iPhone Developer";
				COPY_PHASE_STRIP = NO;
				DEBUG_INFORMATION_FORMAT = dwarf;
				ENABLE_STRICT_OBJC_MSGSEND = YES;
				ENABLE_TESTABILITY = YES;
				GCC_C_LANGUAGE_STANDARD = gnu99;
				GCC_DYNAMIC_NO_PIC = NO;
				GCC_NO_COMMON_BLOCKS = YES;
				GCC_OPTIMIZATION_LEVEL = 0;
				GCC_PREPROCESSOR_DEFINITIONS = (
					"DEBUG=1",
					"$(inherited)",
				);
				GCC_WARN_64_TO_32_BIT_CONVERSION = YES;
				GCC_WARN_ABOUT_RETURN_TYPE = YES_ERROR;
				GCC_WARN_UNDECLARED_SELECTOR = YES;
				GCC_WARN_UNINITIALIZED_AUTOS = YES_AGGRESSIVE;
				GCC_WARN_UNUSED_FUNCTION = YES;
				GCC_WARN_UNUSED_VARIABLE = YES;
				IPHONEOS_DEPLOYMENT_TARGET = 9.1;
				MTL_ENABLE_DEBUG_INFO = YES;
				ONLY_ACTIVE_ARCH = YES;
				SDKROOT = iphoneos;
				SWIFT_OPTIMIZATION_LEVEL = "-Onone";
				TARGETED_DEVICE_FAMILY = "1,2";
			};
			name = Debug;
		};
		ACCCD7111C0E7DDE00DFCADD /* Release */ = {
			isa = XCBuildConfiguration;
			buildSettings = {
				ALWAYS_SEARCH_USER_PATHS = NO;
				CLANG_CXX_LANGUAGE_STANDARD = "gnu++0x";
				CLANG_CXX_LIBRARY = "libc++";
				CLANG_ENABLE_MODULES = YES;
				CLANG_ENABLE_OBJC_ARC = YES;
				CLANG_WARN_BOOL_CONVERSION = YES;
				CLANG_WARN_CONSTANT_CONVERSION = YES;
				CLANG_WARN_DIRECT_OBJC_ISA_USAGE = YES_ERROR;
				CLANG_WARN_EMPTY_BODY = YES;
				CLANG_WARN_ENUM_CONVERSION = YES;
				CLANG_WARN_INT_CONVERSION = YES;
				CLANG_WARN_OBJC_ROOT_CLASS = YES_ERROR;
				CLANG_WARN_UNREACHABLE_CODE = YES;
				CLANG_WARN__DUPLICATE_METHOD_MATCH = YES;
				"CODE_SIGN_IDENTITY[sdk=iphoneos*]" = "iPhone Developer";
				COPY_PHASE_STRIP = NO;
				DEBUG_INFORMATION_FORMAT = "dwarf-with-dsym";
				ENABLE_NS_ASSERTIONS = NO;
				ENABLE_STRICT_OBJC_MSGSEND = YES;
				GCC_C_LANGUAGE_STANDARD = gnu99;
				GCC_NO_COMMON_BLOCKS = YES;
				GCC_WARN_64_TO_32_BIT_CONVERSION = YES;
				GCC_WARN_ABOUT_RETURN_TYPE = YES_ERROR;
				GCC_WARN_UNDECLARED_SELECTOR = YES;
				GCC_WARN_UNINITIALIZED_AUTOS = YES_AGGRESSIVE;
				GCC_WARN_UNUSED_FUNCTION = YES;
				GCC_WARN_UNUSED_VARIABLE = YES;
				IPHONEOS_DEPLOYMENT_TARGET = 9.1;
				MTL_ENABLE_DEBUG_INFO = NO;
				SDKROOT = iphoneos;
				TARGETED_DEVICE_FAMILY = "1,2";
				VALIDATE_PRODUCT = YES;
			};
			name = Release;
		};
		ACCCD7131C0E7DDE00DFCADD /* Debug */ = {
			isa = XCBuildConfiguration;
			buildSettings = {
				ASSETCATALOG_COMPILER_APPICON_NAME = AppIcon;
				INFOPLIST_FILE = Example/Info.plist;
				LD_RUNPATH_SEARCH_PATHS = "$(inherited) @executable_path/Frameworks";
				PRODUCT_BUNDLE_IDENTIFIER = io.getconnect.Example;
				PRODUCT_NAME = "$(TARGET_NAME)";
			};
			name = Debug;
		};
		ACCCD7141C0E7DDE00DFCADD /* Release */ = {
			isa = XCBuildConfiguration;
			buildSettings = {
				ASSETCATALOG_COMPILER_APPICON_NAME = AppIcon;
				INFOPLIST_FILE = Example/Info.plist;
				LD_RUNPATH_SEARCH_PATHS = "$(inherited) @executable_path/Frameworks";
				PRODUCT_BUNDLE_IDENTIFIER = io.getconnect.Example;
				PRODUCT_NAME = "$(TARGET_NAME)";
			};
			name = Release;
		};
/* End XCBuildConfiguration section */

/* Begin XCConfigurationList section */
		ACCCD6FB1C0E7DDE00DFCADD /* Build configuration list for PBXProject "Example" */ = {
			isa = XCConfigurationList;
			buildConfigurations = (
				ACCCD7101C0E7DDE00DFCADD /* Debug */,
				ACCCD7111C0E7DDE00DFCADD /* Release */,
			);
			defaultConfigurationIsVisible = 0;
			defaultConfigurationName = Release;
		};
		ACCCD7121C0E7DDE00DFCADD /* Build configuration list for PBXNativeTarget "Example" */ = {
			isa = XCConfigurationList;
			buildConfigurations = (
				ACCCD7131C0E7DDE00DFCADD /* Debug */,
				ACCCD7141C0E7DDE00DFCADD /* Release */,
			);
			defaultConfigurationIsVisible = 0;
			defaultConfigurationName = Release;
		};
/* End XCConfigurationList section */
	};
	rootObject = ACCCD6F81C0E7DDE00DFCADD /* Project object */;
}
